
Microsoft Visual Studio Solution File, Format Version 12.00
# Visual Studio Version 16
VisualStudioVersion = 16.0.31205.134
MinimumVisualStudioVersion = 10.0.40219.1
Project("{FAE04EC0-301F-11D3-BF4B-00C04F79EFBC}") = "ContentManager", "ContentManager\ContentManager.csproj", "{FF7EF42D-ECB1-4D1C-971C-99604CA945B1}"
EndProject
Global
	GlobalSection(SolutionConfigurationPlatforms) = preSolution
		Debug|Any CPU = Debug|Any CPU
		Release|Any CPU = Release|Any CPU
	EndGlobalSection
	GlobalSection(ProjectConfigurationPlatforms) = postSolution
		{FF7EF42D-ECB1-4D1C-971C-99604CA945B1}.Debug|Any CPU.ActiveCfg = Debug|Any CPU
		{FF7EF42D-ECB1-4D1C-971C-99604CA945B1}.Debug|Any CPU.Build.0 = Debug|Any CPU
		{FF7EF42D-ECB1-4D1C-971C-99604CA945B1}.Release|Any CPU.ActiveCfg = Release|Any CPU
		{FF7EF42D-ECB1-4D1C-971C-99604CA945B1}.Release|Any CPU.Build.0 = Release|Any CPU
	EndGlobalSection
	GlobalSection(SolutionProperties) = preSolution
		HideSolutionNode = FALSE
	EndGlobalSection
	GlobalSection(ExtensibilityGlobals) = postSolution
		SolutionGuid = {F7542866-EC06-4555-8B14-1F6F1897613E}
	EndGlobalSection
EndGlobal
